
Microsoft Visual Studio Solution File, Format Version 12.00
# Visual Studio Version 17
VisualStudioVersion = 17.3.32901.215
MinimumVisualStudioVersion = 10.0.40219.1
Project("{FAE04EC0-301F-11D3-BF4B-00C04F79EFBC}") = "ConsoleApp8", "ConsoleApp8.csproj", "{DCA0D24D-003D-4ED2-A677-3C90D64B9875}"
EndProject
Global
	GlobalSection(SolutionConfigurationPlatforms) = preSolution
		Debug|Any CPU = Debug|Any CPU
		Release|Any CPU = Release|Any CPU
	EndGlobalSection
	GlobalSection(ProjectConfigurationPlatforms) = postSolution
		{DCA0D24D-003D-4ED2-A677-3C90D64B9875}.Debug|Any CPU.ActiveCfg = Debug|Any CPU
		{DCA0D24D-003D-4ED2-A677-3C90D64B9875}.Debug|Any CPU.Build.0 = Debug|Any CPU
		{DCA0D24D-003D-4ED2-A677-3C90D64B9875}.Release|Any CPU.ActiveCfg = Release|Any CPU
		{DCA0D24D-003D-4ED2-A677-3C90D64B9875}.Release|Any CPU.Build.0 = Release|Any CPU
	EndGlobalSection
	GlobalSection(SolutionProperties) = preSolution
		HideSolutionNode = FALSE
	EndGlobalSection
	GlobalSection(ExtensibilityGlobals) = postSolution
		SolutionGuid = {FC259F27-520C-499D-BA96-4303C18A2036}
	EndGlobalSection
EndGlobal
